
Microsoft Visual Studio Solution File, Format Version 12.00
# Visual Studio Version 17
VisualStudioVersion = 17.0.31903.59
MinimumVisualStudioVersion = 10.0.40219.1
Project("{2150E333-8FDC-42A3-9474-1A3956D46DE8}") = "aspire", "aspire", "{1625BF73-1BB8-4F28-AE70-E19BBA3AE195}"
EndProject
Project("{FAE04EC0-301F-11D3-BF4B-00C04F79EFBC}") = "Zortracks.PsInfo.ServiceDefaults", "aspire\Zortracks.PsInfo.ServiceDefaults\Zortracks.PsInfo.ServiceDefaults.csproj", "{DFA0905E-F800-228E-A75D-EBB2B4F82A4B}"
EndProject
Project("{FAE04EC0-301F-11D3-BF4B-00C04F79EFBC}") = "Zortracks.PsInfo.AppHost", "aspire\Zortracks.PsInfo.AppHost\Zortracks.PsInfo.AppHost.csproj", "{B80D8267-DB59-5989-1120-3FE368CDDF0B}"
EndProject
Project("{FAE04EC0-301F-11D3-BF4B-00C04F79EFBC}") = "Zortracks.PsInfo.Landing.Application.Host", "landing\Zortracks.PsInfo.Landing.Application.Host\Zortracks.PsInfo.Landing.Application.Host.csproj", "{311BAE34-D6E5-4330-A9F2-C238C1E473E1}"
EndProject
Project("{FAE04EC0-301F-11D3-BF4B-00C04F79EFBC}") = "Zortracks.PsInfo.Landing.Data", "landing\Zortracks.PsInfo.Landing.Data\Zortracks.PsInfo.Landing.Data.csproj", "{7163EC81-FD1B-439A-828C-67530A6DE00F}"
EndProject
Project("{FAE04EC0-301F-11D3-BF4B-00C04F79EFBC}") = "Zortracks.PsInfo.Landing.Models", "landing\Zortracks.PsInfo.Landing.Models\Zortracks.PsInfo.Landing.Models.csproj", "{C1D48D91-1B32-4822-9E52-6C02F9E5A062}"
EndProject
Project("{2150E333-8FDC-42A3-9474-1A3956D46DE8}") = "landing", "landing", "{02EA681E-C7D8-13C7-8484-4AC65E1B71E8}"
EndProject
Project("{2150E333-8FDC-42A3-9474-1A3956D46DE8}") = "core", "core", "{8CC48E46-E980-48C6-B0ED-D6BE457CE389}"
EndProject
Project("{FAE04EC0-301F-11D3-BF4B-00C04F79EFBC}") = "Zortracks.PsInfo.Landing.Apis.Host", "landing\Zortracks.PsInfo.Landing.Apis.Host\Zortracks.PsInfo.Landing.Apis.Host.csproj", "{92B56F5F-B906-413B-9964-F190CED9D1C1}"
EndProject
Project("{FAE04EC0-301F-11D3-BF4B-00C04F79EFBC}") = "Zortracks.PsInfo.Core.Data.MigrationService", "core\Zortracks.PsInfo.Core.Data.MigrationService\Zortracks.PsInfo.Core.Data.MigrationService.csproj", "{D7447C22-7BC7-84F2-C1B0-230C96EBCF31}"
EndProject
Project("{2150E333-8FDC-42A3-9474-1A3956D46DE8}") = "status", "status", "{82502677-26FA-4E49-BAB5-B9C72D8CE185}"
EndProject
Project("{FAE04EC0-301F-11D3-BF4B-00C04F79EFBC}") = "Zortracks.PsInfo.Status.PullingService", "status\Zortracks.PsInfo.Status.PullingService\Zortracks.PsInfo.Status.PullingService.csproj", "{1912606E-3696-A0ED-4E6D-42200B29BF24}"
EndProject
Project("{FAE04EC0-301F-11D3-BF4B-00C04F79EFBC}") = "Zortracks.PsInfo.Status.Data", "status\Zortracks.PsInfo.Status.Data\Zortracks.PsInfo.Status.Data.csproj", "{F8883EB9-4D30-4A67-A7E6-7CF08714052E}"
EndProject
Project("{FAE04EC0-301F-11D3-BF4B-00C04F79EFBC}") = "Zortracks.PsInfo.Status.Models", "status\Zortracks.PsInfo.Status.Models\Zortracks.PsInfo.Status.Models.csproj", "{A9F95113-9E44-44F9-9468-1CA41B9BBF05}"
EndProject
Global
	GlobalSection(SolutionConfigurationPlatforms) = preSolution
		Debug|Any CPU = Debug|Any CPU
		Debug|x64 = Debug|x64
		Debug|x86 = Debug|x86
		Release|Any CPU = Release|Any CPU
		Release|x64 = Release|x64
		Release|x86 = Release|x86
	EndGlobalSection
	GlobalSection(ProjectConfigurationPlatforms) = postSolution
		{DFA0905E-F800-228E-A75D-EBB2B4F82A4B}.Debug|Any CPU.ActiveCfg = Debug|Any CPU
		{DFA0905E-F800-228E-A75D-EBB2B4F82A4B}.Debug|Any CPU.Build.0 = Debug|Any CPU
		{DFA0905E-F800-228E-A75D-EBB2B4F82A4B}.Debug|x64.ActiveCfg = Debug|Any CPU
		{DFA0905E-F800-228E-A75D-EBB2B4F82A4B}.Debug|x64.Build.0 = Debug|Any CPU
		{DFA0905E-F800-228E-A75D-EBB2B4F82A4B}.Debug|x86.ActiveCfg = Debug|Any CPU
		{DFA0905E-F800-228E-A75D-EBB2B4F82A4B}.Debug|x86.Build.0 = Debug|Any CPU
		{DFA0905E-F800-228E-A75D-EBB2B4F82A4B}.Release|Any CPU.ActiveCfg = Release|Any CPU
		{DFA0905E-F800-228E-A75D-EBB2B4F82A4B}.Release|Any CPU.Build.0 = Release|Any CPU
		{DFA0905E-F800-228E-A75D-EBB2B4F82A4B}.Release|x64.ActiveCfg = Release|Any CPU
		{DFA0905E-F800-228E-A75D-EBB2B4F82A4B}.Release|x64.Build.0 = Release|Any CPU
		{DFA0905E-F800-228E-A75D-EBB2B4F82A4B}.Release|x86.ActiveCfg = Release|Any CPU
		{DFA0905E-F800-228E-A75D-EBB2B4F82A4B}.Release|x86.Build.0 = Release|Any CPU
		{B80D8267-DB59-5989-1120-3FE368CDDF0B}.Debug|Any CPU.ActiveCfg = Debug|Any CPU
		{B80D8267-DB59-5989-1120-3FE368CDDF0B}.Debug|Any CPU.Build.0 = Debug|Any CPU
		{B80D8267-DB59-5989-1120-3FE368CDDF0B}.Debug|x64.ActiveCfg = Debug|Any CPU
		{B80D8267-DB59-5989-1120-3FE368CDDF0B}.Debug|x64.Build.0 = Debug|Any CPU
		{B80D8267-DB59-5989-1120-3FE368CDDF0B}.Debug|x86.ActiveCfg = Debug|Any CPU
		{B80D8267-DB59-5989-1120-3FE368CDDF0B}.Debug|x86.Build.0 = Debug|Any CPU
		{B80D8267-DB59-5989-1120-3FE368CDDF0B}.Release|Any CPU.ActiveCfg = Release|Any CPU
		{B80D8267-DB59-5989-1120-3FE368CDDF0B}.Release|Any CPU.Build.0 = Release|Any CPU
		{B80D8267-DB59-5989-1120-3FE368CDDF0B}.Release|x64.ActiveCfg = Release|Any CPU
		{B80D8267-DB59-5989-1120-3FE368CDDF0B}.Release|x64.Build.0 = Release|Any CPU
		{B80D8267-DB59-5989-1120-3FE368CDDF0B}.Release|x86.ActiveCfg = Release|Any CPU
		{B80D8267-DB59-5989-1120-3FE368CDDF0B}.Release|x86.Build.0 = Release|Any CPU
		{311BAE34-D6E5-4330-A9F2-C238C1E473E1}.Debug|Any CPU.ActiveCfg = Debug|Any CPU
		{311BAE34-D6E5-4330-A9F2-C238C1E473E1}.Debug|Any CPU.Build.0 = Debug|Any CPU
		{311BAE34-D6E5-4330-A9F2-C238C1E473E1}.Debug|x64.ActiveCfg = Debug|Any CPU
		{311BAE34-D6E5-4330-A9F2-C238C1E473E1}.Debug|x64.Build.0 = Debug|Any CPU
		{311BAE34-D6E5-4330-A9F2-C238C1E473E1}.Debug|x86.ActiveCfg = Debug|Any CPU
		{311BAE34-D6E5-4330-A9F2-C238C1E473E1}.Debug|x86.Build.0 = Debug|Any CPU
		{311BAE34-D6E5-4330-A9F2-C238C1E473E1}.Release|Any CPU.ActiveCfg = Release|Any CPU
		{311BAE34-D6E5-4330-A9F2-C238C1E473E1}.Release|Any CPU.Build.0 = Release|Any CPU
		{311BAE34-D6E5-4330-A9F2-C238C1E473E1}.Release|x64.ActiveCfg = Release|Any CPU
		{311BAE34-D6E5-4330-A9F2-C238C1E473E1}.Release|x64.Build.0 = Release|Any CPU
		{311BAE34-D6E5-4330-A9F2-C238C1E473E1}.Release|x86.ActiveCfg = Release|Any CPU
		{311BAE34-D6E5-4330-A9F2-C238C1E473E1}.Release|x86.Build.0 = Release|Any CPU
		{7163EC81-FD1B-439A-828C-67530A6DE00F}.Debug|Any CPU.ActiveCfg = Debug|Any CPU
		{7163EC81-FD1B-439A-828C-67530A6DE00F}.Debug|Any CPU.Build.0 = Debug|Any CPU
		{7163EC81-FD1B-439A-828C-67530A6DE00F}.Debug|x64.ActiveCfg = Debug|Any CPU
		{7163EC81-FD1B-439A-828C-67530A6DE00F}.Debug|x64.Build.0 = Debug|Any CPU
		{7163EC81-FD1B-439A-828C-67530A6DE00F}.Debug|x86.ActiveCfg = Debug|Any CPU
		{7163EC81-FD1B-439A-828C-67530A6DE00F}.Debug|x86.Build.0 = Debug|Any CPU
		{7163EC81-FD1B-439A-828C-67530A6DE00F}.Release|Any CPU.ActiveCfg = Release|Any CPU
		{7163EC81-FD1B-439A-828C-67530A6DE00F}.Release|Any CPU.Build.0 = Release|Any CPU
		{7163EC81-FD1B-439A-828C-67530A6DE00F}.Release|x64.ActiveCfg = Release|Any CPU
		{7163EC81-FD1B-439A-828C-67530A6DE00F}.Release|x64.Build.0 = Release|Any CPU
		{7163EC81-FD1B-439A-828C-67530A6DE00F}.Release|x86.ActiveCfg = Release|Any CPU
		{7163EC81-FD1B-439A-828C-67530A6DE00F}.Release|x86.Build.0 = Release|Any CPU
		{C1D48D91-1B32-4822-9E52-6C02F9E5A062}.Debug|Any CPU.ActiveCfg = Debug|Any CPU
		{C1D48D91-1B32-4822-9E52-6C02F9E5A062}.Debug|Any CPU.Build.0 = Debug|Any CPU
		{C1D48D91-1B32-4822-9E52-6C02F9E5A062}.Debug|x64.ActiveCfg = Debug|Any CPU
		{C1D48D91-1B32-4822-9E52-6C02F9E5A062}.Debug|x64.Build.0 = Debug|Any CPU
		{C1D48D91-1B32-4822-9E52-6C02F9E5A062}.Debug|x86.ActiveCfg = Debug|Any CPU
		{C1D48D91-1B32-4822-9E52-6C02F9E5A062}.Debug|x86.Build.0 = Debug|Any CPU
		{C1D48D91-1B32-4822-9E52-6C02F9E5A062}.Release|Any CPU.ActiveCfg = Release|Any CPU
		{C1D48D91-1B32-4822-9E52-6C02F9E5A062}.Release|Any CPU.Build.0 = Release|Any CPU
		{C1D48D91-1B32-4822-9E52-6C02F9E5A062}.Release|x64.ActiveCfg = Release|Any CPU
		{C1D48D91-1B32-4822-9E52-6C02F9E5A062}.Release|x64.Build.0 = Release|Any CPU
		{C1D48D91-1B32-4822-9E52-6C02F9E5A062}.Release|x86.ActiveCfg = Release|Any CPU
		{C1D48D91-1B32-4822-9E52-6C02F9E5A062}.Release|x86.Build.0 = Release|Any CPU
		{92B56F5F-B906-413B-9964-F190CED9D1C1}.Debug|Any CPU.ActiveCfg = Debug|Any CPU
		{92B56F5F-B906-413B-9964-F190CED9D1C1}.Debug|Any CPU.Build.0 = Debug|Any CPU
		{92B56F5F-B906-413B-9964-F190CED9D1C1}.Debug|x64.ActiveCfg = Debug|Any CPU
		{92B56F5F-B906-413B-9964-F190CED9D1C1}.Debug|x64.Build.0 = Debug|Any CPU
		{92B56F5F-B906-413B-9964-F190CED9D1C1}.Debug|x86.ActiveCfg = Debug|Any CPU
		{92B56F5F-B906-413B-9964-F190CED9D1C1}.Debug|x86.Build.0 = Debug|Any CPU
		{92B56F5F-B906-413B-9964-F190CED9D1C1}.Release|Any CPU.ActiveCfg = Release|Any CPU
		{92B56F5F-B906-413B-9964-F190CED9D1C1}.Release|Any CPU.Build.0 = Release|Any CPU
		{92B56F5F-B906-413B-9964-F190CED9D1C1}.Release|x64.ActiveCfg = Release|Any CPU
		{92B56F5F-B906-413B-9964-F190CED9D1C1}.Release|x64.Build.0 = Release|Any CPU
		{92B56F5F-B906-413B-9964-F190CED9D1C1}.Release|x86.ActiveCfg = Release|Any CPU
		{92B56F5F-B906-413B-9964-F190CED9D1C1}.Release|x86.Build.0 = Release|Any CPU
		{D7447C22-7BC7-84F2-C1B0-230C96EBCF31}.Debug|Any CPU.ActiveCfg = Debug|Any CPU
		{D7447C22-7BC7-84F2-C1B0-230C96EBCF31}.Debug|Any CPU.Build.0 = Debug|Any CPU
		{D7447C22-7BC7-84F2-C1B0-230C96EBCF31}.Debug|x64.ActiveCfg = Debug|Any CPU
		{D7447C22-7BC7-84F2-C1B0-230C96EBCF31}.Debug|x64.Build.0 = Debug|Any CPU
		{D7447C22-7BC7-84F2-C1B0-230C96EBCF31}.Debug|x86.ActiveCfg = Debug|Any CPU
		{D7447C22-7BC7-84F2-C1B0-230C96EBCF31}.Debug|x86.Build.0 = Debug|Any CPU
		{D7447C22-7BC7-84F2-C1B0-230C96EBCF31}.Release|Any CPU.ActiveCfg = Release|Any CPU
		{D7447C22-7BC7-84F2-C1B0-230C96EBCF31}.Release|Any CPU.Build.0 = Release|Any CPU
		{D7447C22-7BC7-84F2-C1B0-230C96EBCF31}.Release|x64.ActiveCfg = Release|Any CPU
		{D7447C22-7BC7-84F2-C1B0-230C96EBCF31}.Release|x64.Build.0 = Release|Any CPU
		{D7447C22-7BC7-84F2-C1B0-230C96EBCF31}.Release|x86.ActiveCfg = Release|Any CPU
		{D7447C22-7BC7-84F2-C1B0-230C96EBCF31}.Release|x86.Build.0 = Release|Any CPU
		{1912606E-3696-A0ED-4E6D-42200B29BF24}.Debug|Any CPU.ActiveCfg = Debug|Any CPU
		{1912606E-3696-A0ED-4E6D-42200B29BF24}.Debug|Any CPU.Build.0 = Debug|Any CPU
		{1912606E-3696-A0ED-4E6D-42200B29BF24}.Debug|x64.ActiveCfg = Debug|Any CPU
		{1912606E-3696-A0ED-4E6D-42200B29BF24}.Debug|x64.Build.0 = Debug|Any CPU
		{1912606E-3696-A0ED-4E6D-42200B29BF24}.Debug|x86.ActiveCfg = Debug|Any CPU
		{1912606E-3696-A0ED-4E6D-42200B29BF24}.Debug|x86.Build.0 = Debug|Any CPU
		{1912606E-3696-A0ED-4E6D-42200B29BF24}.Release|Any CPU.ActiveCfg = Release|Any CPU
		{1912606E-3696-A0ED-4E6D-42200B29BF24}.Release|Any CPU.Build.0 = Release|Any CPU
		{1912606E-3696-A0ED-4E6D-42200B29BF24}.Release|x64.ActiveCfg = Release|Any CPU
		{1912606E-3696-A0ED-4E6D-42200B29BF24}.Release|x64.Build.0 = Release|Any CPU
		{1912606E-3696-A0ED-4E6D-42200B29BF24}.Release|x86.ActiveCfg = Release|Any CPU
		{1912606E-3696-A0ED-4E6D-42200B29BF24}.Release|x86.Build.0 = Release|Any CPU
		{F8883EB9-4D30-4A67-A7E6-7CF08714052E}.Debug|Any CPU.ActiveCfg = Debug|Any CPU
		{F8883EB9-4D30-4A67-A7E6-7CF08714052E}.Debug|Any CPU.Build.0 = Debug|Any CPU
		{F8883EB9-4D30-4A67-A7E6-7CF08714052E}.Debug|x64.ActiveCfg = Debug|Any CPU
		{F8883EB9-4D30-4A67-A7E6-7CF08714052E}.Debug|x64.Build.0 = Debug|Any CPU
		{F8883EB9-4D30-4A67-A7E6-7CF08714052E}.Debug|x86.ActiveCfg = Debug|Any CPU
		{F8883EB9-4D30-4A67-A7E6-7CF08714052E}.Debug|x86.Build.0 = Debug|Any CPU
		{F8883EB9-4D30-4A67-A7E6-7CF08714052E}.Release|Any CPU.ActiveCfg = Release|Any CPU
		{F8883EB9-4D30-4A67-A7E6-7CF08714052E}.Release|Any CPU.Build.0 = Release|Any CPU
		{F8883EB9-4D30-4A67-A7E6-7CF08714052E}.Release|x64.ActiveCfg = Release|Any CPU
		{F8883EB9-4D30-4A67-A7E6-7CF08714052E}.Release|x64.Build.0 = Release|Any CPU
		{F8883EB9-4D30-4A67-A7E6-7CF08714052E}.Release|x86.ActiveCfg = Release|Any CPU
		{F8883EB9-4D30-4A67-A7E6-7CF08714052E}.Release|x86.Build.0 = Release|Any CPU
		{A9F95113-9E44-44F9-9468-1CA41B9BBF05}.Debug|Any CPU.ActiveCfg = Debug|Any CPU
		{A9F95113-9E44-44F9-9468-1CA41B9BBF05}.Debug|Any CPU.Build.0 = Debug|Any CPU
		{A9F95113-9E44-44F9-9468-1CA41B9BBF05}.Debug|x64.ActiveCfg = Debug|Any CPU
		{A9F95113-9E44-44F9-9468-1CA41B9BBF05}.Debug|x64.Build.0 = Debug|Any CPU
		{A9F95113-9E44-44F9-9468-1CA41B9BBF05}.Debug|x86.ActiveCfg = Debug|Any CPU
		{A9F95113-9E44-44F9-9468-1CA41B9BBF05}.Debug|x86.Build.0 = Debug|Any CPU
		{A9F95113-9E44-44F9-9468-1CA41B9BBF05}.Release|Any CPU.ActiveCfg = Release|Any CPU
		{A9F95113-9E44-44F9-9468-1CA41B9BBF05}.Release|Any CPU.Build.0 = Release|Any CPU
		{A9F95113-9E44-44F9-9468-1CA41B9BBF05}.Release|x64.ActiveCfg = Release|Any CPU
		{A9F95113-9E44-44F9-9468-1CA41B9BBF05}.Release|x64.Build.0 = Release|Any CPU
		{A9F95113-9E44-44F9-9468-1CA41B9BBF05}.Release|x86.ActiveCfg = Release|Any CPU
		{A9F95113-9E44-44F9-9468-1CA41B9BBF05}.Release|x86.Build.0 = Release|Any CPU
	EndGlobalSection
	GlobalSection(SolutionProperties) = preSolution
		HideSolutionNode = FALSE
	EndGlobalSection
	GlobalSection(NestedProjects) = preSolution
		{DFA0905E-F800-228E-A75D-EBB2B4F82A4B} = {1625BF73-1BB8-4F28-AE70-E19BBA3AE195}
		{B80D8267-DB59-5989-1120-3FE368CDDF0B} = {1625BF73-1BB8-4F28-AE70-E19BBA3AE195}
		{311BAE34-D6E5-4330-A9F2-C238C1E473E1} = {02EA681E-C7D8-13C7-8484-4AC65E1B71E8}
		{7163EC81-FD1B-439A-828C-67530A6DE00F} = {02EA681E-C7D8-13C7-8484-4AC65E1B71E8}
		{C1D48D91-1B32-4822-9E52-6C02F9E5A062} = {02EA681E-C7D8-13C7-8484-4AC65E1B71E8}
		{92B56F5F-B906-413B-9964-F190CED9D1C1} = {02EA681E-C7D8-13C7-8484-4AC65E1B71E8}
		{D7447C22-7BC7-84F2-C1B0-230C96EBCF31} = {8CC48E46-E980-48C6-B0ED-D6BE457CE389}
		{1912606E-3696-A0ED-4E6D-42200B29BF24} = {82502677-26FA-4E49-BAB5-B9C72D8CE185}
		{F8883EB9-4D30-4A67-A7E6-7CF08714052E} = {82502677-26FA-4E49-BAB5-B9C72D8CE185}
		{A9F95113-9E44-44F9-9468-1CA41B9BBF05} = {82502677-26FA-4E49-BAB5-B9C72D8CE185}
	EndGlobalSection
	GlobalSection(ExtensibilityGlobals) = postSolution
		SolutionGuid = {4EE2B6DC-A44D-4E97-AA80-91CC3DCCE3B6}
	EndGlobalSection
EndGlobal
