
Microsoft Visual Studio Solution File, Format Version 12.00
# Visual Studio Version 17
VisualStudioVersion = 17.0.31903.59
MinimumVisualStudioVersion = 10.0.40219.1
Project("{2150E333-8FDC-42A3-9474-1A3956D46DE8}") = "src", "src", "{02EA681E-C7D8-13C7-8484-4AC65E1B71E8}"
EndProject
Project("{FAE04EC0-301F-11D3-BF4B-00C04F79EFBC}") = "Zortracks.PsInfo.Application.Host", "src\Zortracks.PsInfo.Application.Host\Zortracks.PsInfo.Application.Host.csproj", "{3A7634BE-7246-0002-4010-1DB5BE8B38EC}"
EndProject
Project("{2150E333-8FDC-42A3-9474-1A3956D46DE8}") = "aspire", "aspire", "{1625BF73-1BB8-4F28-AE70-E19BBA3AE195}"
EndProject
Project("{FAE04EC0-301F-11D3-BF4B-00C04F79EFBC}") = "Zortracks.PsInfo.ServiceDefaults", "aspire\Zortracks.PsInfo.ServiceDefaults\Zortracks.PsInfo.ServiceDefaults.csproj", "{DFA0905E-F800-228E-A75D-EBB2B4F82A4B}"
EndProject
Project("{FAE04EC0-301F-11D3-BF4B-00C04F79EFBC}") = "Zortracks.PsInfo.AppHost", "aspire\Zortracks.PsInfo.AppHost\Zortracks.PsInfo.AppHost.csproj", "{B80D8267-DB59-5989-1120-3FE368CDDF0B}"
EndProject
Global
	GlobalSection(SolutionConfigurationPlatforms) = preSolution
		Debug|Any CPU = Debug|Any CPU
		Release|Any CPU = Release|Any CPU
	EndGlobalSection
	GlobalSection(ProjectConfigurationPlatforms) = postSolution
		{3A7634BE-7246-0002-4010-1DB5BE8B38EC}.Debug|Any CPU.ActiveCfg = Debug|Any CPU
		{3A7634BE-7246-0002-4010-1DB5BE8B38EC}.Debug|Any CPU.Build.0 = Debug|Any CPU
		{3A7634BE-7246-0002-4010-1DB5BE8B38EC}.Release|Any CPU.ActiveCfg = Release|Any CPU
		{3A7634BE-7246-0002-4010-1DB5BE8B38EC}.Release|Any CPU.Build.0 = Release|Any CPU
		{DFA0905E-F800-228E-A75D-EBB2B4F82A4B}.Debug|Any CPU.ActiveCfg = Debug|Any CPU
		{DFA0905E-F800-228E-A75D-EBB2B4F82A4B}.Debug|Any CPU.Build.0 = Debug|Any CPU
		{DFA0905E-F800-228E-A75D-EBB2B4F82A4B}.Release|Any CPU.ActiveCfg = Release|Any CPU
		{DFA0905E-F800-228E-A75D-EBB2B4F82A4B}.Release|Any CPU.Build.0 = Release|Any CPU
		{B80D8267-DB59-5989-1120-3FE368CDDF0B}.Debug|Any CPU.ActiveCfg = Debug|Any CPU
		{B80D8267-DB59-5989-1120-3FE368CDDF0B}.Debug|Any CPU.Build.0 = Debug|Any CPU
		{B80D8267-DB59-5989-1120-3FE368CDDF0B}.Release|Any CPU.ActiveCfg = Release|Any CPU
		{B80D8267-DB59-5989-1120-3FE368CDDF0B}.Release|Any CPU.Build.0 = Release|Any CPU
	EndGlobalSection
	GlobalSection(SolutionProperties) = preSolution
		HideSolutionNode = FALSE
	EndGlobalSection
	GlobalSection(NestedProjects) = preSolution
		{3A7634BE-7246-0002-4010-1DB5BE8B38EC} = {02EA681E-C7D8-13C7-8484-4AC65E1B71E8}
		{DFA0905E-F800-228E-A75D-EBB2B4F82A4B} = {1625BF73-1BB8-4F28-AE70-E19BBA3AE195}
		{B80D8267-DB59-5989-1120-3FE368CDDF0B} = {1625BF73-1BB8-4F28-AE70-E19BBA3AE195}
	EndGlobalSection
	GlobalSection(ExtensibilityGlobals) = postSolution
		SolutionGuid = {4EE2B6DC-A44D-4E97-AA80-91CC3DCCE3B6}
	EndGlobalSection
EndGlobal
